
Microsoft Visual Studio Solution File, Format Version 12.00
# Visual Studio 2013
Project("{FAE04EC0-301F-11D3-BF4B-00C04F79EFBC}") = "UnityVS.PlayerPrefs.CSharp", "UnityVS.PlayerPrefs.CSharp.csproj", "{8F6EE4BE-1332-6AFA-DA42-97CCF8AB7927}"
EndProject
Global
	GlobalSection(SolutionConfigurationPlatforms) = preSolution
		Debug|Any CPU = Debug|Any CPU
		Release|Any CPU = Release|Any CPU
	EndGlobalSection
	GlobalSection(ProjectConfigurationPlatforms) = postSolution
		{8F6EE4BE-1332-6AFA-DA42-97CCF8AB7927}.Debug|Any CPU.ActiveCfg = Debug|Any CPU
		{8F6EE4BE-1332-6AFA-DA42-97CCF8AB7927}.Debug|Any CPU.Build.0 = Debug|Any CPU
		{8F6EE4BE-1332-6AFA-DA42-97CCF8AB7927}.Release|Any CPU.ActiveCfg = Release|Any CPU
		{8F6EE4BE-1332-6AFA-DA42-97CCF8AB7927}.Release|Any CPU.Build.0 = Release|Any CPU
	EndGlobalSection
	GlobalSection(SolutionProperties) = preSolution
		HideSolutionNode = FALSE
	EndGlobalSection
EndGlobal
